// !$*UTF8*$!
{
	archiveVersion = 1;
	classes = {
	};
	objectVersion = 56;
	objects = {

/* Begin PBXBuildFile section */
		1822E808298DFDDC00757FF0 /* AppDelegate.swift in Sources */ = {isa = PBXBuildFile; fileRef = 1822E807298DFDDC00757FF0 /* AppDelegate.swift */; };
		1822E80A298DFDDC00757FF0 /* SceneDelegate.swift in Sources */ = {isa = PBXBuildFile; fileRef = 1822E809298DFDDC00757FF0 /* SceneDelegate.swift */; };
		1822E80C298DFDDC00757FF0 /* BeerListViewController.swift in Sources */ = {isa = PBXBuildFile; fileRef = 1822E80B298DFDDC00757FF0 /* BeerListViewController.swift */; };
		1822E811298DFDDD00757FF0 /* Assets.xcassets in Resources */ = {isa = PBXBuildFile; fileRef = 1822E810298DFDDD00757FF0 /* Assets.xcassets */; };
		1822E814298DFDDD00757FF0 /* LaunchScreen.storyboard in Resources */ = {isa = PBXBuildFile; fileRef = 1822E812298DFDDD00757FF0 /* LaunchScreen.storyboard */; };
		1822E81C298F48D200757FF0 /* ViewCodeProtocol.swift in Sources */ = {isa = PBXBuildFile; fileRef = 1822E81B298F48D200757FF0 /* ViewCodeProtocol.swift */; };
		1822E821298F4B8200757FF0 /* BeerListContainer.swift in Sources */ = {isa = PBXBuildFile; fileRef = 1822E820298F4B8200757FF0 /* BeerListContainer.swift */; };
		1822E827299043AD00757FF0 /* Beer.swift in Sources */ = {isa = PBXBuildFile; fileRef = 1822E826299043AD00757FF0 /* Beer.swift */; };
		1822E82B2990784100757FF0 /* BeerListPresenter.swift in Sources */ = {isa = PBXBuildFile; fileRef = 1822E82A2990784100757FF0 /* BeerListPresenter.swift */; };
		1822E82D2990AD9000757FF0 /* BeerListViewModel.swift in Sources */ = {isa = PBXBuildFile; fileRef = 1822E82C2990AD9000757FF0 /* BeerListViewModel.swift */; };
		184275A32997F893004961F6 /* BeerListCollectionViewDataSource.swift in Sources */ = {isa = PBXBuildFile; fileRef = 184275A22997F893004961F6 /* BeerListCollectionViewDataSource.swift */; };
		184275A52997F8B2004961F6 /* BeerListCollectionView.swift in Sources */ = {isa = PBXBuildFile; fileRef = 184275A42997F8B2004961F6 /* BeerListCollectionView.swift */; };
		184275A729982FE1004961F6 /* BeerDetailViewModel.swift in Sources */ = {isa = PBXBuildFile; fileRef = 184275A629982FE1004961F6 /* BeerDetailViewModel.swift */; };
		184275AA29983148004961F6 /* BeerDetailViewController.swift in Sources */ = {isa = PBXBuildFile; fileRef = 184275A929983148004961F6 /* BeerDetailViewController.swift */; };
/* End PBXBuildFile section */

/* Begin PBXFileReference section */
		1822E804298DFDDC00757FF0 /* CervejeirosSA.app */ = {isa = PBXFileReference; explicitFileType = wrapper.application; includeInIndex = 0; path = CervejeirosSA.app; sourceTree = BUILT_PRODUCTS_DIR; };
		1822E807298DFDDC00757FF0 /* AppDelegate.swift */ = {isa = PBXFileReference; lastKnownFileType = sourcecode.swift; path = AppDelegate.swift; sourceTree = "<group>"; };
		1822E809298DFDDC00757FF0 /* SceneDelegate.swift */ = {isa = PBXFileReference; lastKnownFileType = sourcecode.swift; path = SceneDelegate.swift; sourceTree = "<group>"; };
		1822E80B298DFDDC00757FF0 /* BeerListViewController.swift */ = {isa = PBXFileReference; lastKnownFileType = sourcecode.swift; path = BeerListViewController.swift; sourceTree = "<group>"; };
		1822E810298DFDDD00757FF0 /* Assets.xcassets */ = {isa = PBXFileReference; lastKnownFileType = folder.assetcatalog; path = Assets.xcassets; sourceTree = "<group>"; };
		1822E813298DFDDD00757FF0 /* Base */ = {isa = PBXFileReference; lastKnownFileType = file.storyboard; name = Base; path = Base.lproj/LaunchScreen.storyboard; sourceTree = "<group>"; };
		1822E815298DFDDD00757FF0 /* Info.plist */ = {isa = PBXFileReference; lastKnownFileType = text.plist.xml; path = Info.plist; sourceTree = "<group>"; };
		1822E81B298F48D200757FF0 /* ViewCodeProtocol.swift */ = {isa = PBXFileReference; lastKnownFileType = sourcecode.swift; path = ViewCodeProtocol.swift; sourceTree = "<group>"; };
		1822E820298F4B8200757FF0 /* BeerListContainer.swift */ = {isa = PBXFileReference; lastKnownFileType = sourcecode.swift; path = BeerListContainer.swift; sourceTree = "<group>"; };
		1822E826299043AD00757FF0 /* Beer.swift */ = {isa = PBXFileReference; lastKnownFileType = sourcecode.swift; path = Beer.swift; sourceTree = "<group>"; };
		1822E82A2990784100757FF0 /* BeerListPresenter.swift */ = {isa = PBXFileReference; lastKnownFileType = sourcecode.swift; path = BeerListPresenter.swift; sourceTree = "<group>"; };
		1822E82C2990AD9000757FF0 /* BeerListViewModel.swift */ = {isa = PBXFileReference; lastKnownFileType = sourcecode.swift; path = BeerListViewModel.swift; sourceTree = "<group>"; };
		184275A22997F893004961F6 /* BeerListCollectionViewDataSource.swift */ = {isa = PBXFileReference; lastKnownFileType = sourcecode.swift; path = BeerListCollectionViewDataSource.swift; sourceTree = "<group>"; };
		184275A42997F8B2004961F6 /* BeerListCollectionView.swift */ = {isa = PBXFileReference; lastKnownFileType = sourcecode.swift; path = BeerListCollectionView.swift; sourceTree = "<group>"; };
		184275A629982FE1004961F6 /* BeerDetailViewModel.swift */ = {isa = PBXFileReference; lastKnownFileType = sourcecode.swift; path = BeerDetailViewModel.swift; sourceTree = "<group>"; };
		184275A929983148004961F6 /* BeerDetailViewController.swift */ = {isa = PBXFileReference; lastKnownFileType = sourcecode.swift; path = BeerDetailViewController.swift; sourceTree = "<group>"; };
/* End PBXFileReference section */

/* Begin PBXFrameworksBuildPhase section */
		1822E801298DFDDC00757FF0 /* Frameworks */ = {
			isa = PBXFrameworksBuildPhase;
			buildActionMask = 2147483647;
			files = (
			);
			runOnlyForDeploymentPostprocessing = 0;
		};
/* End PBXFrameworksBuildPhase section */

/* Begin PBXGroup section */
		18135B74299355CD00E40021 /* BeerDetail */ = {
			isa = PBXGroup;
			children = (
				184275A829982FE7004961F6 /* Model */,
				184275AB2998314C004961F6 /* View */,
			);
			path = BeerDetail;
			sourceTree = "<group>";
		};
		1822E7FB298DFDDC00757FF0 = {
			isa = PBXGroup;
			children = (
				1822E806298DFDDC00757FF0 /* CervejeirosSA */,
				1822E805298DFDDC00757FF0 /* Products */,
			);
			sourceTree = "<group>";
		};
		1822E805298DFDDC00757FF0 /* Products */ = {
			isa = PBXGroup;
			children = (
				1822E804298DFDDC00757FF0 /* CervejeirosSA.app */,
			);
			name = Products;
			sourceTree = "<group>";
		};
		1822E806298DFDDC00757FF0 /* CervejeirosSA */ = {
			isa = PBXGroup;
			children = (
				1822E822298F590D00757FF0 /* System */,
				1822E82E2990B55F00757FF0 /* Shared */,
				1822E81E298F4B0300757FF0 /* Scene */,
				1822E81D298F4AA500757FF0 /* Protocol */,
				1822E825298F597400757FF0 /* Resource */,
			);
			path = CervejeirosSA;
			sourceTree = "<group>";
		};
		1822E81D298F4AA500757FF0 /* Protocol */ = {
			isa = PBXGroup;
			children = (
				1822E81B298F48D200757FF0 /* ViewCodeProtocol.swift */,
			);
			path = Protocol;
			sourceTree = "<group>";
		};
		1822E81E298F4B0300757FF0 /* Scene */ = {
			isa = PBXGroup;
			children = (
				1822E824298F595900757FF0 /* LaunchScreen */,
				1822E823298F593900757FF0 /* BeerList */,
				18135B74299355CD00E40021 /* BeerDetail */,
			);
			path = Scene;
			sourceTree = "<group>";
		};
		1822E81F298F4B3900757FF0 /* View */ = {
			isa = PBXGroup;
			children = (
				1822E80B298DFDDC00757FF0 /* BeerListViewController.swift */,
				1822E820298F4B8200757FF0 /* BeerListContainer.swift */,
				184275A42997F8B2004961F6 /* BeerListCollectionView.swift */,
				184275A22997F893004961F6 /* BeerListCollectionViewDataSource.swift */,
			);
			path = View;
			sourceTree = "<group>";
		};
		1822E822298F590D00757FF0 /* System */ = {
			isa = PBXGroup;
			children = (
				1822E807298DFDDC00757FF0 /* AppDelegate.swift */,
				1822E809298DFDDC00757FF0 /* SceneDelegate.swift */,
				1822E815298DFDDD00757FF0 /* Info.plist */,
			);
			path = System;
			sourceTree = "<group>";
		};
		1822E823298F593900757FF0 /* BeerList */ = {
			isa = PBXGroup;
			children = (
				1822E8282990442500757FF0 /* Model */,
				1822E81F298F4B3900757FF0 /* View */,
				1822E8292990782800757FF0 /* Presenter */,
			);
			path = BeerList;
			sourceTree = "<group>";
		};
		1822E824298F595900757FF0 /* LaunchScreen */ = {
			isa = PBXGroup;
			children = (
				1822E812298DFDDD00757FF0 /* LaunchScreen.storyboard */,
			);
			path = LaunchScreen;
			sourceTree = "<group>";
		};
		1822E825298F597400757FF0 /* Resource */ = {
			isa = PBXGroup;
			children = (
				1822E810298DFDDD00757FF0 /* Assets.xcassets */,
			);
			path = Resource;
			sourceTree = "<group>";
		};
		1822E8282990442500757FF0 /* Model */ = {
			isa = PBXGroup;
			children = (
				1822E826299043AD00757FF0 /* Beer.swift */,
				1822E82C2990AD9000757FF0 /* BeerListViewModel.swift */,
			);
			path = Model;
			sourceTree = "<group>";
		};
		1822E8292990782800757FF0 /* Presenter */ = {
			isa = PBXGroup;
			children = (
				1822E82A2990784100757FF0 /* BeerListPresenter.swift */,
			);
			path = Presenter;
			sourceTree = "<group>";
		};
		1822E82E2990B55F00757FF0 /* Shared */ = {
			isa = PBXGroup;
			children = (
			);
			path = Shared;
			sourceTree = "<group>";
		};
		184275A829982FE7004961F6 /* Model */ = {
			isa = PBXGroup;
			children = (
				184275A629982FE1004961F6 /* BeerDetailViewModel.swift */,
			);
			path = Model;
			sourceTree = "<group>";
		};
		184275AB2998314C004961F6 /* View */ = {
			isa = PBXGroup;
			children = (
				184275A929983148004961F6 /* BeerDetailViewController.swift */,
			);
			path = View;
			sourceTree = "<group>";
		};
/* End PBXGroup section */

/* Begin PBXNativeTarget section */
		1822E803298DFDDC00757FF0 /* CervejeirosSA */ = {
			isa = PBXNativeTarget;
			buildConfigurationList = 1822E818298DFDDD00757FF0 /* Build configuration list for PBXNativeTarget "CervejeirosSA" */;
			buildPhases = (
				1822E800298DFDDC00757FF0 /* Sources */,
				1822E801298DFDDC00757FF0 /* Frameworks */,
				1822E802298DFDDC00757FF0 /* Resources */,
			);
			buildRules = (
			);
			dependencies = (
			);
			name = CervejeirosSA;
			productName = CervejeirosSA;
			productReference = 1822E804298DFDDC00757FF0 /* CervejeirosSA.app */;
			productType = "com.apple.product-type.application";
		};
/* End PBXNativeTarget section */

/* Begin PBXProject section */
		1822E7FC298DFDDC00757FF0 /* Project object */ = {
			isa = PBXProject;
			attributes = {
				BuildIndependentTargetsInParallel = 1;
				LastSwiftUpdateCheck = 1420;
				LastUpgradeCheck = 1420;
				TargetAttributes = {
					1822E803298DFDDC00757FF0 = {
						CreatedOnToolsVersion = 14.2;
					};
				};
			};
			buildConfigurationList = 1822E7FF298DFDDC00757FF0 /* Build configuration list for PBXProject "CervejeirosSA" */;
			compatibilityVersion = "Xcode 14.0";
			developmentRegion = en;
			hasScannedForEncodings = 0;
			knownRegions = (
				en,
				Base,
			);
			mainGroup = 1822E7FB298DFDDC00757FF0;
			productRefGroup = 1822E805298DFDDC00757FF0 /* Products */;
			projectDirPath = "";
			projectRoot = "";
			targets = (
				1822E803298DFDDC00757FF0 /* CervejeirosSA */,
			);
		};
/* End PBXProject section */

/* Begin PBXResourcesBuildPhase section */
		1822E802298DFDDC00757FF0 /* Resources */ = {
			isa = PBXResourcesBuildPhase;
			buildActionMask = 2147483647;
			files = (
				1822E814298DFDDD00757FF0 /* LaunchScreen.storyboard in Resources */,
				1822E811298DFDDD00757FF0 /* Assets.xcassets in Resources */,
			);
			runOnlyForDeploymentPostprocessing = 0;
		};
/* End PBXResourcesBuildPhase section */

/* Begin PBXSourcesBuildPhase section */
		1822E800298DFDDC00757FF0 /* Sources */ = {
			isa = PBXSourcesBuildPhase;
			buildActionMask = 2147483647;
			files = (
				184275AA29983148004961F6 /* BeerDetailViewController.swift in Sources */,
				1822E821298F4B8200757FF0 /* BeerListContainer.swift in Sources */,
				1822E82B2990784100757FF0 /* BeerListPresenter.swift in Sources */,
				1822E827299043AD00757FF0 /* Beer.swift in Sources */,
				1822E80C298DFDDC00757FF0 /* BeerListViewController.swift in Sources */,
				184275A32997F893004961F6 /* BeerListCollectionViewDataSource.swift in Sources */,
				1822E81C298F48D200757FF0 /* ViewCodeProtocol.swift in Sources */,
				1822E82D2990AD9000757FF0 /* BeerListViewModel.swift in Sources */,
				1822E808298DFDDC00757FF0 /* AppDelegate.swift in Sources */,
				184275A52997F8B2004961F6 /* BeerListCollectionView.swift in Sources */,
				184275A729982FE1004961F6 /* BeerDetailViewModel.swift in Sources */,
				1822E80A298DFDDC00757FF0 /* SceneDelegate.swift in Sources */,
			);
			runOnlyForDeploymentPostprocessing = 0;
		};
/* End PBXSourcesBuildPhase section */

/* Begin PBXVariantGroup section */
		1822E812298DFDDD00757FF0 /* LaunchScreen.storyboard */ = {
			isa = PBXVariantGroup;
			children = (
				1822E813298DFDDD00757FF0 /* Base */,
			);
			name = LaunchScreen.storyboard;
			sourceTree = "<group>";
		};
/* End PBXVariantGroup section */

/* Begin XCBuildConfiguration section */
		1822E816298DFDDD00757FF0 /* Debug */ = {
			isa = XCBuildConfiguration;
			buildSettings = {
				ALWAYS_SEARCH_USER_PATHS = NO;
				CLANG_ANALYZER_NONNULL = YES;
				CLANG_ANALYZER_NUMBER_OBJECT_CONVERSION = YES_AGGRESSIVE;
				CLANG_CXX_LANGUAGE_STANDARD = "gnu++20";
				CLANG_ENABLE_MODULES = YES;
				CLANG_ENABLE_OBJC_ARC = YES;
				CLANG_ENABLE_OBJC_WEAK = YES;
				CLANG_WARN_BLOCK_CAPTURE_AUTORELEASING = YES;
				CLANG_WARN_BOOL_CONVERSION = YES;
				CLANG_WARN_COMMA = YES;
				CLANG_WARN_CONSTANT_CONVERSION = YES;
				CLANG_WARN_DEPRECATED_OBJC_IMPLEMENTATIONS = YES;
				CLANG_WARN_DIRECT_OBJC_ISA_USAGE = YES_ERROR;
				CLANG_WARN_DOCUMENTATION_COMMENTS = YES;
				CLANG_WARN_EMPTY_BODY = YES;
				CLANG_WARN_ENUM_CONVERSION = YES;
				CLANG_WARN_INFINITE_RECURSION = YES;
				CLANG_WARN_INT_CONVERSION = YES;
				CLANG_WARN_NON_LITERAL_NULL_CONVERSION = YES;
				CLANG_WARN_OBJC_IMPLICIT_RETAIN_SELF = YES;
				CLANG_WARN_OBJC_LITERAL_CONVERSION = YES;
				CLANG_WARN_OBJC_ROOT_CLASS = YES_ERROR;
				CLANG_WARN_QUOTED_INCLUDE_IN_FRAMEWORK_HEADER = YES;
				CLANG_WARN_RANGE_LOOP_ANALYSIS = YES;
				CLANG_WARN_STRICT_PROTOTYPES = YES;
				CLANG_WARN_SUSPICIOUS_MOVE = YES;
				CLANG_WARN_UNGUARDED_AVAILABILITY = YES_AGGRESSIVE;
				CLANG_WARN_UNREACHABLE_CODE = YES;
				CLANG_WARN__DUPLICATE_METHOD_MATCH = YES;
				COPY_PHASE_STRIP = NO;
				DEBUG_INFORMATION_FORMAT = dwarf;
				ENABLE_STRICT_OBJC_MSGSEND = YES;
				ENABLE_TESTABILITY = YES;
				GCC_C_LANGUAGE_STANDARD = gnu11;
				GCC_DYNAMIC_NO_PIC = NO;
				GCC_NO_COMMON_BLOCKS = YES;
				GCC_OPTIMIZATION_LEVEL = 0;
				GCC_PREPROCESSOR_DEFINITIONS = (
					"DEBUG=1",
					"$(inherited)",
				);
				GCC_WARN_64_TO_32_BIT_CONVERSION = YES;
				GCC_WARN_ABOUT_RETURN_TYPE = YES_ERROR;
				GCC_WARN_UNDECLARED_SELECTOR = YES;
				GCC_WARN_UNINITIALIZED_AUTOS = YES_AGGRESSIVE;
				GCC_WARN_UNUSED_FUNCTION = YES;
				GCC_WARN_UNUSED_VARIABLE = YES;
				IPHONEOS_DEPLOYMENT_TARGET = 16.2;
				MTL_ENABLE_DEBUG_INFO = INCLUDE_SOURCE;
				MTL_FAST_MATH = YES;
				ONLY_ACTIVE_ARCH = YES;
				SDKROOT = iphoneos;
				SWIFT_ACTIVE_COMPILATION_CONDITIONS = DEBUG;
				SWIFT_OPTIMIZATION_LEVEL = "-Onone";
			};
			name = Debug;
		};
		1822E817298DFDDD00757FF0 /* Release */ = {
			isa = XCBuildConfiguration;
			buildSettings = {
				ALWAYS_SEARCH_USER_PATHS = NO;
				CLANG_ANALYZER_NONNULL = YES;
				CLANG_ANALYZER_NUMBER_OBJECT_CONVERSION = YES_AGGRESSIVE;
				CLANG_CXX_LANGUAGE_STANDARD = "gnu++20";
				CLANG_ENABLE_MODULES = YES;
				CLANG_ENABLE_OBJC_ARC = YES;
				CLANG_ENABLE_OBJC_WEAK = YES;
				CLANG_WARN_BLOCK_CAPTURE_AUTORELEASING = YES;
				CLANG_WARN_BOOL_CONVERSION = YES;
				CLANG_WARN_COMMA = YES;
				CLANG_WARN_CONSTANT_CONVERSION = YES;
				CLANG_WARN_DEPRECATED_OBJC_IMPLEMENTATIONS = YES;
				CLANG_WARN_DIRECT_OBJC_ISA_USAGE = YES_ERROR;
				CLANG_WARN_DOCUMENTATION_COMMENTS = YES;
				CLANG_WARN_EMPTY_BODY = YES;
				CLANG_WARN_ENUM_CONVERSION = YES;
				CLANG_WARN_INFINITE_RECURSION = YES;
				CLANG_WARN_INT_CONVERSION = YES;
				CLANG_WARN_NON_LITERAL_NULL_CONVERSION = YES;
				CLANG_WARN_OBJC_IMPLICIT_RETAIN_SELF = YES;
				CLANG_WARN_OBJC_LITERAL_CONVERSION = YES;
				CLANG_WARN_OBJC_ROOT_CLASS = YES_ERROR;
				CLANG_WARN_QUOTED_INCLUDE_IN_FRAMEWORK_HEADER = YES;
				CLANG_WARN_RANGE_LOOP_ANALYSIS = YES;
				CLANG_WARN_STRICT_PROTOTYPES = YES;
				CLANG_WARN_SUSPICIOUS_MOVE = YES;
				CLANG_WARN_UNGUARDED_AVAILABILITY = YES_AGGRESSIVE;
				CLANG_WARN_UNREACHABLE_CODE = YES;
				CLANG_WARN__DUPLICATE_METHOD_MATCH = YES;
				COPY_PHASE_STRIP = NO;
				DEBUG_INFORMATION_FORMAT = "dwarf-with-dsym";
				ENABLE_NS_ASSERTIONS = NO;
				ENABLE_STRICT_OBJC_MSGSEND = YES;
				GCC_C_LANGUAGE_STANDARD = gnu11;
				GCC_NO_COMMON_BLOCKS = YES;
				GCC_WARN_64_TO_32_BIT_CONVERSION = YES;
				GCC_WARN_ABOUT_RETURN_TYPE = YES_ERROR;
				GCC_WARN_UNDECLARED_SELECTOR = YES;
				GCC_WARN_UNINITIALIZED_AUTOS = YES_AGGRESSIVE;
				GCC_WARN_UNUSED_FUNCTION = YES;
				GCC_WARN_UNUSED_VARIABLE = YES;
				IPHONEOS_DEPLOYMENT_TARGET = 16.2;
				MTL_ENABLE_DEBUG_INFO = NO;
				MTL_FAST_MATH = YES;
				SDKROOT = iphoneos;
				SWIFT_COMPILATION_MODE = wholemodule;
				SWIFT_OPTIMIZATION_LEVEL = "-O";
				VALIDATE_PRODUCT = YES;
			};
			name = Release;
		};
		1822E819298DFDDD00757FF0 /* Debug */ = {
			isa = XCBuildConfiguration;
			buildSettings = {
				ASSETCATALOG_COMPILER_GLOBAL_ACCENT_COLOR_NAME = AccentColor;
				CODE_SIGN_STYLE = Automatic;
				CURRENT_PROJECT_VERSION = 1;
				DEVELOPMENT_TEAM = P89J5888T8;
				GENERATE_INFOPLIST_FILE = YES;
				INFOPLIST_FILE = CervejeirosSA/System/Info.plist;
				INFOPLIST_KEY_UIApplicationSupportsIndirectInputEvents = YES;
				INFOPLIST_KEY_UILaunchStoryboardName = LaunchScreen.storyboard;
				INFOPLIST_KEY_UIMainStoryboardFile = "";
				INFOPLIST_KEY_UISupportedInterfaceOrientations_iPad = "UIInterfaceOrientationPortrait UIInterfaceOrientationPortraitUpsideDown UIInterfaceOrientationLandscapeLeft UIInterfaceOrientationLandscapeRight";
				INFOPLIST_KEY_UISupportedInterfaceOrientations_iPhone = "UIInterfaceOrientationPortrait UIInterfaceOrientationLandscapeLeft UIInterfaceOrientationLandscapeRight";
				LD_RUNPATH_SEARCH_PATHS = (
					"$(inherited)",
					"@executable_path/Frameworks",
				);
				MARKETING_VERSION = 1.0;
				PRODUCT_BUNDLE_IDENTIFIER = me.adannsergio.CervejeirosSA;
				PRODUCT_NAME = "$(TARGET_NAME)";
				SWIFT_EMIT_LOC_STRINGS = YES;
				SWIFT_VERSION = 5.0;
				TARGETED_DEVICE_FAMILY = "1,2";
			};
			name = Debug;
		};
		1822E81A298DFDDD00757FF0 /* Release */ = {
			isa = XCBuildConfiguration;
			buildSettings = {
				ASSETCATALOG_COMPILER_GLOBAL_ACCENT_COLOR_NAME = AccentColor;
				CODE_SIGN_STYLE = Automatic;
				CURRENT_PROJECT_VERSION = 1;
				DEVELOPMENT_TEAM = P89J5888T8;
				GENERATE_INFOPLIST_FILE = YES;
				INFOPLIST_FILE = CervejeirosSA/System/Info.plist;
				INFOPLIST_KEY_UIApplicationSupportsIndirectInputEvents = YES;
				INFOPLIST_KEY_UILaunchStoryboardName = LaunchScreen.storyboard;
				INFOPLIST_KEY_UIMainStoryboardFile = "";
				INFOPLIST_KEY_UISupportedInterfaceOrientations_iPad = "UIInterfaceOrientationPortrait UIInterfaceOrientationPortraitUpsideDown UIInterfaceOrientationLandscapeLeft UIInterfaceOrientationLandscapeRight";
				INFOPLIST_KEY_UISupportedInterfaceOrientations_iPhone = "UIInterfaceOrientationPortrait UIInterfaceOrientationLandscapeLeft UIInterfaceOrientationLandscapeRight";
				LD_RUNPATH_SEARCH_PATHS = (
					"$(inherited)",
					"@executable_path/Frameworks",
				);
				MARKETING_VERSION = 1.0;
				PRODUCT_BUNDLE_IDENTIFIER = me.adannsergio.CervejeirosSA;
				PRODUCT_NAME = "$(TARGET_NAME)";
				SWIFT_EMIT_LOC_STRINGS = YES;
				SWIFT_VERSION = 5.0;
				TARGETED_DEVICE_FAMILY = "1,2";
			};
			name = Release;
		};
/* End XCBuildConfiguration section */

/* Begin XCConfigurationList section */
		1822E7FF298DFDDC00757FF0 /* Build configuration list for PBXProject "CervejeirosSA" */ = {
			isa = XCConfigurationList;
			buildConfigurations = (
				1822E816298DFDDD00757FF0 /* Debug */,
				1822E817298DFDDD00757FF0 /* Release */,
			);
			defaultConfigurationIsVisible = 0;
			defaultConfigurationName = Release;
		};
		1822E818298DFDDD00757FF0 /* Build configuration list for PBXNativeTarget "CervejeirosSA" */ = {
			isa = XCConfigurationList;
			buildConfigurations = (
				1822E819298DFDDD00757FF0 /* Debug */,
				1822E81A298DFDDD00757FF0 /* Release */,
			);
			defaultConfigurationIsVisible = 0;
			defaultConfigurationName = Release;
		};
/* End XCConfigurationList section */
	};
	rootObject = 1822E7FC298DFDDC00757FF0 /* Project object */;
}
